
Microsoft Visual Studio Solution File, Format Version 12.00
# Visual Studio Version 17
VisualStudioVersion = 17.0.31912.275
MinimumVisualStudioVersion = 10.0.40219.1
Project("{2150E333-8FDC-42A3-9474-1A3956D46DE8}") = "src", "src", "{A53C2C25-FDAF-4220-AC4C-3A002235F966}"
EndProject
Project("{2150E333-8FDC-42A3-9474-1A3956D46DE8}") = "tests", "tests", "{EDDEC793-3D01-40D2-8B84-E76997FF5EA0}"
EndProject
Project("{9A19103F-16F7-4668-BE54-9A1E7A4F7556}") = "Converter.Temperature", "src\Converter.Temperature\Converter.Temperature.csproj", "{7C4B1355-DA4E-426E-8BC0-12BC8D2598DA}"
EndProject
Project("{9A19103F-16F7-4668-BE54-9A1E7A4F7556}") = "Converter.Temperature.Integration.Tests", "Tests\Converter.Temperature.Integration.Tests\Converter.Temperature.Integration.Tests.csproj", "{C4499E02-6ECF-413D-9037-70FAC6CD4014}"
EndProject
Project("{9A19103F-16F7-4668-BE54-9A1E7A4F7556}") = "Converter.Temperature.Tests", "Tests\Converter.Temperature.Tests\Converter.Temperature.Tests.csproj", "{E1F5ECB1-66F5-4048-8314-CED223E1BD5D}"
EndProject
Project("{FAE04EC0-301F-11D3-BF4B-00C04F79EFBC}") = "Converter.Benchmark.Tests", "tests\Converter.Benchmark.Tests\Converter.Benchmark.Tests.csproj", "{0EE8B819-5C6C-4BE6-B178-BFB104132F73}"
EndProject
Global
	GlobalSection(SolutionConfigurationPlatforms) = preSolution
		Debug|Any CPU = Debug|Any CPU
		Release|Any CPU = Release|Any CPU
	EndGlobalSection
	GlobalSection(ProjectConfigurationPlatforms) = postSolution
		{7C4B1355-DA4E-426E-8BC0-12BC8D2598DA}.Debug|Any CPU.ActiveCfg = Debug|Any CPU
		{7C4B1355-DA4E-426E-8BC0-12BC8D2598DA}.Debug|Any CPU.Build.0 = Debug|Any CPU
		{7C4B1355-DA4E-426E-8BC0-12BC8D2598DA}.Release|Any CPU.ActiveCfg = Release|Any CPU
		{7C4B1355-DA4E-426E-8BC0-12BC8D2598DA}.Release|Any CPU.Build.0 = Release|Any CPU
		{C4499E02-6ECF-413D-9037-70FAC6CD4014}.Debug|Any CPU.ActiveCfg = Debug|Any CPU
		{C4499E02-6ECF-413D-9037-70FAC6CD4014}.Debug|Any CPU.Build.0 = Debug|Any CPU
		{C4499E02-6ECF-413D-9037-70FAC6CD4014}.Release|Any CPU.ActiveCfg = Release|Any CPU
		{C4499E02-6ECF-413D-9037-70FAC6CD4014}.Release|Any CPU.Build.0 = Release|Any CPU
		{E1F5ECB1-66F5-4048-8314-CED223E1BD5D}.Debug|Any CPU.ActiveCfg = Debug|Any CPU
		{E1F5ECB1-66F5-4048-8314-CED223E1BD5D}.Debug|Any CPU.Build.0 = Debug|Any CPU
		{E1F5ECB1-66F5-4048-8314-CED223E1BD5D}.Release|Any CPU.ActiveCfg = Release|Any CPU
		{E1F5ECB1-66F5-4048-8314-CED223E1BD5D}.Release|Any CPU.Build.0 = Release|Any CPU
		{0EE8B819-5C6C-4BE6-B178-BFB104132F73}.Debug|Any CPU.ActiveCfg = Debug|Any CPU
		{0EE8B819-5C6C-4BE6-B178-BFB104132F73}.Debug|Any CPU.Build.0 = Debug|Any CPU
		{0EE8B819-5C6C-4BE6-B178-BFB104132F73}.Release|Any CPU.ActiveCfg = Release|Any CPU
		{0EE8B819-5C6C-4BE6-B178-BFB104132F73}.Release|Any CPU.Build.0 = Release|Any CPU
	EndGlobalSection
	GlobalSection(SolutionProperties) = preSolution
		HideSolutionNode = FALSE
	EndGlobalSection
	GlobalSection(NestedProjects) = preSolution
		{7C4B1355-DA4E-426E-8BC0-12BC8D2598DA} = {A53C2C25-FDAF-4220-AC4C-3A002235F966}
		{C4499E02-6ECF-413D-9037-70FAC6CD4014} = {EDDEC793-3D01-40D2-8B84-E76997FF5EA0}
		{E1F5ECB1-66F5-4048-8314-CED223E1BD5D} = {EDDEC793-3D01-40D2-8B84-E76997FF5EA0}
		{0EE8B819-5C6C-4BE6-B178-BFB104132F73} = {EDDEC793-3D01-40D2-8B84-E76997FF5EA0}
	EndGlobalSection
	GlobalSection(ExtensibilityGlobals) = postSolution
		SolutionGuid = {F9EAA03B-DD31-4F48-8EED-85EC4A300DDF}
	EndGlobalSection
EndGlobal
